
Microsoft Visual Studio Solution File, Format Version 12.00
Project("{FAE04EC0-301F-11D3-BF4B-00C04F79EFBC}") = "twmvc_example", "twmvc_example\twmvc_example.csproj", "{6B3A681C-231C-4D90-803F-83EDE1D7F1CD}"
EndProject
Project("{FAE04EC0-301F-11D3-BF4B-00C04F79EFBC}") = "FCL-CSharp", "FCL-CSharp\FCL-CSharp.csproj", "{B26D1BFB-A350-49CB-A128-6AEDD472C300}"
EndProject
Project("{FAE04EC0-301F-11D3-BF4B-00C04F79EFBC}") = "Blocto.SDK", "Blocto.SDK\Blocto.SDK.csproj", "{2E09EA64-DB2E-4F82-A29C-74D38278F7C2}"
EndProject
Project("{FAE04EC0-301F-11D3-BF4B-00C04F79EFBC}") = "Flow.Net.Sdk", "Flow.Net.SDK\Flow.Net.Sdk.csproj", "{AD266687-070A-45A1-8509-E2512FF535DB}"
EndProject
Project("{FAE04EC0-301F-11D3-BF4B-00C04F79EFBC}") = "Flow.Net.Sdk.Client.Http", "Flow.Net.Sdk.Client.Http\Flow.Net.Sdk.Client.Http.csproj", "{3BEBEDAB-5F2E-40C7-B4C1-94C7C48025AD}"
EndProject
Project("{FAE04EC0-301F-11D3-BF4B-00C04F79EFBC}") = "Flow.Net.Sdk.Core", "Flow.Net.Sdk.Core\Flow.Net.Sdk.Core.csproj", "{BEBD97D3-7592-4DA8-8F4C-C713B9B6B13B}"
EndProject
Global
	GlobalSection(SolutionConfigurationPlatforms) = preSolution
		Debug|Any CPU = Debug|Any CPU
		Release|Any CPU = Release|Any CPU
	EndGlobalSection
	GlobalSection(ProjectConfigurationPlatforms) = postSolution
		{6B3A681C-231C-4D90-803F-83EDE1D7F1CD}.Debug|Any CPU.ActiveCfg = Debug|Any CPU
		{6B3A681C-231C-4D90-803F-83EDE1D7F1CD}.Debug|Any CPU.Build.0 = Debug|Any CPU
		{6B3A681C-231C-4D90-803F-83EDE1D7F1CD}.Release|Any CPU.ActiveCfg = Release|Any CPU
		{6B3A681C-231C-4D90-803F-83EDE1D7F1CD}.Release|Any CPU.Build.0 = Release|Any CPU
		{B26D1BFB-A350-49CB-A128-6AEDD472C300}.Debug|Any CPU.ActiveCfg = Debug|Any CPU
		{B26D1BFB-A350-49CB-A128-6AEDD472C300}.Debug|Any CPU.Build.0 = Debug|Any CPU
		{B26D1BFB-A350-49CB-A128-6AEDD472C300}.Release|Any CPU.ActiveCfg = Release|Any CPU
		{B26D1BFB-A350-49CB-A128-6AEDD472C300}.Release|Any CPU.Build.0 = Release|Any CPU
		{2E09EA64-DB2E-4F82-A29C-74D38278F7C2}.Debug|Any CPU.ActiveCfg = Debug|Any CPU
		{2E09EA64-DB2E-4F82-A29C-74D38278F7C2}.Debug|Any CPU.Build.0 = Debug|Any CPU
		{2E09EA64-DB2E-4F82-A29C-74D38278F7C2}.Release|Any CPU.ActiveCfg = Release|Any CPU
		{2E09EA64-DB2E-4F82-A29C-74D38278F7C2}.Release|Any CPU.Build.0 = Release|Any CPU
		{AD266687-070A-45A1-8509-E2512FF535DB}.Debug|Any CPU.ActiveCfg = Debug|Any CPU
		{AD266687-070A-45A1-8509-E2512FF535DB}.Debug|Any CPU.Build.0 = Debug|Any CPU
		{AD266687-070A-45A1-8509-E2512FF535DB}.Release|Any CPU.ActiveCfg = Release|Any CPU
		{AD266687-070A-45A1-8509-E2512FF535DB}.Release|Any CPU.Build.0 = Release|Any CPU
		{3BEBEDAB-5F2E-40C7-B4C1-94C7C48025AD}.Debug|Any CPU.ActiveCfg = Debug|Any CPU
		{3BEBEDAB-5F2E-40C7-B4C1-94C7C48025AD}.Debug|Any CPU.Build.0 = Debug|Any CPU
		{3BEBEDAB-5F2E-40C7-B4C1-94C7C48025AD}.Release|Any CPU.ActiveCfg = Release|Any CPU
		{3BEBEDAB-5F2E-40C7-B4C1-94C7C48025AD}.Release|Any CPU.Build.0 = Release|Any CPU
		{BEBD97D3-7592-4DA8-8F4C-C713B9B6B13B}.Debug|Any CPU.ActiveCfg = Debug|Any CPU
		{BEBD97D3-7592-4DA8-8F4C-C713B9B6B13B}.Debug|Any CPU.Build.0 = Debug|Any CPU
		{BEBD97D3-7592-4DA8-8F4C-C713B9B6B13B}.Release|Any CPU.ActiveCfg = Release|Any CPU
		{BEBD97D3-7592-4DA8-8F4C-C713B9B6B13B}.Release|Any CPU.Build.0 = Release|Any CPU
	EndGlobalSection
EndGlobal
